// !$*UTF8*$!
{
	archiveVersion = 1;
	classes = {
	};
	objectVersion = 46;
	objects = {

/* Begin PBXBuildFile section */
		575B9DC11CEE092C00F2DB79 /* AppDelegate.swift in Sources */ = {isa = PBXBuildFile; fileRef = 575B9DC01CEE092C00F2DB79 /* AppDelegate.swift */; };
		575B9DC31CEE092C00F2DB79 /* ViewController.swift in Sources */ = {isa = PBXBuildFile; fileRef = 575B9DC21CEE092C00F2DB79 /* ViewController.swift */; };
		575B9DC61CEE092C00F2DB79 /* Main.storyboard in Resources */ = {isa = PBXBuildFile; fileRef = 575B9DC41CEE092C00F2DB79 /* Main.storyboard */; };
		575B9DC81CEE092C00F2DB79 /* Assets.xcassets in Resources */ = {isa = PBXBuildFile; fileRef = 575B9DC71CEE092C00F2DB79 /* Assets.xcassets */; };
		575B9DCB1CEE092C00F2DB79 /* LaunchScreen.storyboard in Resources */ = {isa = PBXBuildFile; fileRef = 575B9DC91CEE092C00F2DB79 /* LaunchScreen.storyboard */; };
		575B9DD31CEE0A8400F2DB79 /* SinglePhotoCell.swift in Sources */ = {isa = PBXBuildFile; fileRef = 575B9DD21CEE0A8400F2DB79 /* SinglePhotoCell.swift */; };
		575B9DD51CEE0A9A00F2DB79 /* MultiplePhotoCell.swift in Sources */ = {isa = PBXBuildFile; fileRef = 575B9DD41CEE0A9A00F2DB79 /* MultiplePhotoCell.swift */; };
		575B9E011CEE452100F2DB79 /* LeftAlignedCollectionViewFlowLayout.swift in Sources */ = {isa = PBXBuildFile; fileRef = 575B9E001CEE452100F2DB79 /* LeftAlignedCollectionViewFlowLayout.swift */; };
		575B9E051CEE597200F2DB79 /* MultiplePhotoDataSource.swift in Sources */ = {isa = PBXBuildFile; fileRef = 575B9E041CEE597200F2DB79 /* MultiplePhotoDataSource.swift */; };
		575B9E0A1CEE612A00F2DB79 /* LikedContentSummaryViewManager.swift in Sources */ = {isa = PBXBuildFile; fileRef = 575B9E081CEE612A00F2DB79 /* LikedContentSummaryViewManager.swift */; };
		575B9E131CEE67DE00F2DB79 /* SinglePhotoCell.xib in Resources */ = {isa = PBXBuildFile; fileRef = 575B9E121CEE67DE00F2DB79 /* SinglePhotoCell.xib */; };
		575B9E151CEE67EC00F2DB79 /* MultiplePhotoCell.xib in Resources */ = {isa = PBXBuildFile; fileRef = 575B9E141CEE67EC00F2DB79 /* MultiplePhotoCell.xib */; };
		575B9E171CEE6B3A00F2DB79 /* LikedContentSummaryView.xib in Resources */ = {isa = PBXBuildFile; fileRef = 575B9E161CEE6B3A00F2DB79 /* LikedContentSummaryView.xib */; };
/* End PBXBuildFile section */

/* Begin PBXFileReference section */
		575B9DBD1CEE092B00F2DB79 /* Embedded.app */ = {isa = PBXFileReference; explicitFileType = wrapper.application; includeInIndex = 0; path = Embedded.app; sourceTree = BUILT_PRODUCTS_DIR; };
		575B9DC01CEE092C00F2DB79 /* AppDelegate.swift */ = {isa = PBXFileReference; lastKnownFileType = sourcecode.swift; path = AppDelegate.swift; sourceTree = "<group>"; };
		575B9DC21CEE092C00F2DB79 /* ViewController.swift */ = {isa = PBXFileReference; lastKnownFileType = sourcecode.swift; path = ViewController.swift; sourceTree = "<group>"; };
		575B9DC51CEE092C00F2DB79 /* Base */ = {isa = PBXFileReference; lastKnownFileType = file.storyboard; name = Base; path = Base.lproj/Main.storyboard; sourceTree = "<group>"; };
		575B9DC71CEE092C00F2DB79 /* Assets.xcassets */ = {isa = PBXFileReference; lastKnownFileType = folder.assetcatalog; path = Assets.xcassets; sourceTree = "<group>"; };
		575B9DCA1CEE092C00F2DB79 /* Base */ = {isa = PBXFileReference; lastKnownFileType = file.storyboard; name = Base; path = Base.lproj/LaunchScreen.storyboard; sourceTree = "<group>"; };
		575B9DCC1CEE092C00F2DB79 /* Info.plist */ = {isa = PBXFileReference; lastKnownFileType = text.plist.xml; path = Info.plist; sourceTree = "<group>"; };
		575B9DD21CEE0A8400F2DB79 /* SinglePhotoCell.swift */ = {isa = PBXFileReference; fileEncoding = 4; lastKnownFileType = sourcecode.swift; path = SinglePhotoCell.swift; sourceTree = "<group>"; };
		575B9DD41CEE0A9A00F2DB79 /* MultiplePhotoCell.swift */ = {isa = PBXFileReference; fileEncoding = 4; lastKnownFileType = sourcecode.swift; path = MultiplePhotoCell.swift; sourceTree = "<group>"; };
		575B9E001CEE452100F2DB79 /* LeftAlignedCollectionViewFlowLayout.swift */ = {isa = PBXFileReference; fileEncoding = 4; lastKnownFileType = sourcecode.swift; path = LeftAlignedCollectionViewFlowLayout.swift; sourceTree = "<group>"; };
		575B9E041CEE597200F2DB79 /* MultiplePhotoDataSource.swift */ = {isa = PBXFileReference; fileEncoding = 4; lastKnownFileType = sourcecode.swift; path = MultiplePhotoDataSource.swift; sourceTree = "<group>"; };
		575B9E081CEE612A00F2DB79 /* LikedContentSummaryViewManager.swift */ = {isa = PBXFileReference; fileEncoding = 4; lastKnownFileType = sourcecode.swift; path = LikedContentSummaryViewManager.swift; sourceTree = "<group>"; };
		575B9E121CEE67DE00F2DB79 /* SinglePhotoCell.xib */ = {isa = PBXFileReference; fileEncoding = 4; lastKnownFileType = file.xib; path = SinglePhotoCell.xib; sourceTree = "<group>"; };
		575B9E141CEE67EC00F2DB79 /* MultiplePhotoCell.xib */ = {isa = PBXFileReference; fileEncoding = 4; lastKnownFileType = file.xib; path = MultiplePhotoCell.xib; sourceTree = "<group>"; };
		575B9E161CEE6B3A00F2DB79 /* LikedContentSummaryView.xib */ = {isa = PBXFileReference; fileEncoding = 4; lastKnownFileType = file.xib; path = LikedContentSummaryView.xib; sourceTree = "<group>"; };
/* End PBXFileReference section */

/* Begin PBXFrameworksBuildPhase section */
		575B9DBA1CEE092B00F2DB79 /* Frameworks */ = {
			isa = PBXFrameworksBuildPhase;
			buildActionMask = 2147483647;
			files = (
			);
			runOnlyForDeploymentPostprocessing = 0;
		};
/* End PBXFrameworksBuildPhase section */

/* Begin PBXGroup section */
		575B9DB41CEE092B00F2DB79 = {
			isa = PBXGroup;
			children = (
				575B9DBF1CEE092C00F2DB79 /* Embedded */,
				575B9DBE1CEE092B00F2DB79 /* Products */,
			);
			sourceTree = "<group>";
		};
		575B9DBE1CEE092B00F2DB79 /* Products */ = {
			isa = PBXGroup;
			children = (
				575B9DBD1CEE092B00F2DB79 /* Embedded.app */,
			);
			name = Products;
			sourceTree = "<group>";
		};
		575B9DBF1CEE092C00F2DB79 /* Embedded */ = {
			isa = PBXGroup;
			children = (
				575B9DC01CEE092C00F2DB79 /* AppDelegate.swift */,
				575B9DC21CEE092C00F2DB79 /* ViewController.swift */,
				575B9DC41CEE092C00F2DB79 /* Main.storyboard */,
				575B9DC71CEE092C00F2DB79 /* Assets.xcassets */,
				575B9DC91CEE092C00F2DB79 /* LaunchScreen.storyboard */,
				575B9DCC1CEE092C00F2DB79 /* Info.plist */,
				575B9DD21CEE0A8400F2DB79 /* SinglePhotoCell.swift */,
				575B9E001CEE452100F2DB79 /* LeftAlignedCollectionViewFlowLayout.swift */,
				575B9DD41CEE0A9A00F2DB79 /* MultiplePhotoCell.swift */,
				575B9E041CEE597200F2DB79 /* MultiplePhotoDataSource.swift */,
				575B9E081CEE612A00F2DB79 /* LikedContentSummaryViewManager.swift */,
				575B9E161CEE6B3A00F2DB79 /* LikedContentSummaryView.xib */,
				575B9E121CEE67DE00F2DB79 /* SinglePhotoCell.xib */,
				575B9E141CEE67EC00F2DB79 /* MultiplePhotoCell.xib */,
			);
			path = Embedded;
			sourceTree = "<group>";
		};
/* End PBXGroup section */

/* Begin PBXNativeTarget section */
		575B9DBC1CEE092B00F2DB79 /* Embedded */ = {
			isa = PBXNativeTarget;
			buildConfigurationList = 575B9DCF1CEE092C00F2DB79 /* Build configuration list for PBXNativeTarget "Embedded" */;
			buildPhases = (
				575B9DB91CEE092B00F2DB79 /* Sources */,
				575B9DBA1CEE092B00F2DB79 /* Frameworks */,
				575B9DBB1CEE092B00F2DB79 /* Resources */,
			);
			buildRules = (
			);
			dependencies = (
			);
			name = Embedded;
			productName = Embedded;
			productReference = 575B9DBD1CEE092B00F2DB79 /* Embedded.app */;
			productType = "com.apple.product-type.application";
		};
/* End PBXNativeTarget section */

/* Begin PBXProject section */
		575B9DB51CEE092B00F2DB79 /* Project object */ = {
			isa = PBXProject;
			attributes = {
				LastSwiftUpdateCheck = 0730;
				LastUpgradeCheck = 0730;
				ORGANIZATIONNAME = "Andrew Copp";
				TargetAttributes = {
					575B9DBC1CEE092B00F2DB79 = {
						CreatedOnToolsVersion = 7.3.1;
					};
				};
			};
			buildConfigurationList = 575B9DB81CEE092B00F2DB79 /* Build configuration list for PBXProject "Embedded" */;
			compatibilityVersion = "Xcode 3.2";
			developmentRegion = English;
			hasScannedForEncodings = 0;
			knownRegions = (
				en,
				Base,
			);
			mainGroup = 575B9DB41CEE092B00F2DB79;
			productRefGroup = 575B9DBE1CEE092B00F2DB79 /* Products */;
			projectDirPath = "";
			projectRoot = "";
			targets = (
				575B9DBC1CEE092B00F2DB79 /* Embedded */,
			);
		};
/* End PBXProject section */

/* Begin PBXResourcesBuildPhase section */
		575B9DBB1CEE092B00F2DB79 /* Resources */ = {
			isa = PBXResourcesBuildPhase;
			buildActionMask = 2147483647;
			files = (
				575B9DCB1CEE092C00F2DB79 /* LaunchScreen.storyboard in Resources */,
				575B9DC81CEE092C00F2DB79 /* Assets.xcassets in Resources */,
				575B9E151CEE67EC00F2DB79 /* MultiplePhotoCell.xib in Resources */,
				575B9E171CEE6B3A00F2DB79 /* LikedContentSummaryView.xib in Resources */,
				575B9DC61CEE092C00F2DB79 /* Main.storyboard in Resources */,
				575B9E131CEE67DE00F2DB79 /* SinglePhotoCell.xib in Resources */,
			);
			runOnlyForDeploymentPostprocessing = 0;
		};
/* End PBXResourcesBuildPhase section */

/* Begin PBXSourcesBuildPhase section */
		575B9DB91CEE092B00F2DB79 /* Sources */ = {
			isa = PBXSourcesBuildPhase;
			buildActionMask = 2147483647;
			files = (
				575B9DD51CEE0A9A00F2DB79 /* MultiplePhotoCell.swift in Sources */,
				575B9DD31CEE0A8400F2DB79 /* SinglePhotoCell.swift in Sources */,
				575B9DC31CEE092C00F2DB79 /* ViewController.swift in Sources */,
				575B9E011CEE452100F2DB79 /* LeftAlignedCollectionViewFlowLayout.swift in Sources */,
				575B9DC11CEE092C00F2DB79 /* AppDelegate.swift in Sources */,
				575B9E0A1CEE612A00F2DB79 /* LikedContentSummaryViewManager.swift in Sources */,
				575B9E051CEE597200F2DB79 /* MultiplePhotoDataSource.swift in Sources */,
			);
			runOnlyForDeploymentPostprocessing = 0;
		};
/* End PBXSourcesBuildPhase section */

/* Begin PBXVariantGroup section */
		575B9DC41CEE092C00F2DB79 /* Main.storyboard */ = {
			isa = PBXVariantGroup;
			children = (
				575B9DC51CEE092C00F2DB79 /* Base */,
			);
			name = Main.storyboard;
			sourceTree = "<group>";
		};
		575B9DC91CEE092C00F2DB79 /* LaunchScreen.storyboard */ = {
			isa = PBXVariantGroup;
			children = (
				575B9DCA1CEE092C00F2DB79 /* Base */,
			);
			name = LaunchScreen.storyboard;
			sourceTree = "<group>";
		};
/* End PBXVariantGroup section */

/* Begin XCBuildConfiguration section */
		575B9DCD1CEE092C00F2DB79 /* Debug */ = {
			isa = XCBuildConfiguration;
			buildSettings = {
				ALWAYS_SEARCH_USER_PATHS = NO;
				CLANG_ANALYZER_NONNULL = YES;
				CLANG_CXX_LANGUAGE_STANDARD = "gnu++0x";
				CLANG_CXX_LIBRARY = "libc++";
				CLANG_ENABLE_MODULES = YES;
				CLANG_ENABLE_OBJC_ARC = YES;
				CLANG_WARN_BOOL_CONVERSION = YES;
				CLANG_WARN_CONSTANT_CONVERSION = YES;
				CLANG_WARN_DIRECT_OBJC_ISA_USAGE = YES_ERROR;
				CLANG_WARN_EMPTY_BODY = YES;
				CLANG_WARN_ENUM_CONVERSION = YES;
				CLANG_WARN_INT_CONVERSION = YES;
				CLANG_WARN_OBJC_ROOT_CLASS = YES_ERROR;
				CLANG_WARN_UNREACHABLE_CODE = YES;
				CLANG_WARN__DUPLICATE_METHOD_MATCH = YES;
				"CODE_SIGN_IDENTITY[sdk=iphoneos*]" = "iPhone Developer";
				COPY_PHASE_STRIP = NO;
				DEBUG_INFORMATION_FORMAT = dwarf;
				ENABLE_STRICT_OBJC_MSGSEND = YES;
				ENABLE_TESTABILITY = YES;
				GCC_C_LANGUAGE_STANDARD = gnu99;
				GCC_DYNAMIC_NO_PIC = NO;
				GCC_NO_COMMON_BLOCKS = YES;
				GCC_OPTIMIZATION_LEVEL = 0;
				GCC_PREPROCESSOR_DEFINITIONS = (
					"DEBUG=1",
					"$(inherited)",
				);
				GCC_WARN_64_TO_32_BIT_CONVERSION = YES;
				GCC_WARN_ABOUT_RETURN_TYPE = YES_ERROR;
				GCC_WARN_UNDECLARED_SELECTOR = YES;
				GCC_WARN_UNINITIALIZED_AUTOS = YES_AGGRESSIVE;
				GCC_WARN_UNUSED_FUNCTION = YES;
				GCC_WARN_UNUSED_VARIABLE = YES;
				IPHONEOS_DEPLOYMENT_TARGET = 9.3;
				MTL_ENABLE_DEBUG_INFO = YES;
				ONLY_ACTIVE_ARCH = YES;
				SDKROOT = iphoneos;
				SWIFT_OPTIMIZATION_LEVEL = "-Onone";
			};
			name = Debug;
		};
		575B9DCE1CEE092C00F2DB79 /* Release */ = {
			isa = XCBuildConfiguration;
			buildSettings = {
				ALWAYS_SEARCH_USER_PATHS = NO;
				CLANG_ANALYZER_NONNULL = YES;
				CLANG_CXX_LANGUAGE_STANDARD = "gnu++0x";
				CLANG_CXX_LIBRARY = "libc++";
				CLANG_ENABLE_MODULES = YES;
				CLANG_ENABLE_OBJC_ARC = YES;
				CLANG_WARN_BOOL_CONVERSION = YES;
				CLANG_WARN_CONSTANT_CONVERSION = YES;
				CLANG_WARN_DIRECT_OBJC_ISA_USAGE = YES_ERROR;
				CLANG_WARN_EMPTY_BODY = YES;
				CLANG_WARN_ENUM_CONVERSION = YES;
				CLANG_WARN_INT_CONVERSION = YES;
				CLANG_WARN_OBJC_ROOT_CLASS = YES_ERROR;
				CLANG_WARN_UNREACHABLE_CODE = YES;
				CLANG_WARN__DUPLICATE_METHOD_MATCH = YES;
				"CODE_SIGN_IDENTITY[sdk=iphoneos*]" = "iPhone Developer";
				COPY_PHASE_STRIP = NO;
				DEBUG_INFORMATION_FORMAT = "dwarf-with-dsym";
				ENABLE_NS_ASSERTIONS = NO;
				ENABLE_STRICT_OBJC_MSGSEND = YES;
				GCC_C_LANGUAGE_STANDARD = gnu99;
				GCC_NO_COMMON_BLOCKS = YES;
				GCC_WARN_64_TO_32_BIT_CONVERSION = YES;
				GCC_WARN_ABOUT_RETURN_TYPE = YES_ERROR;
				GCC_WARN_UNDECLARED_SELECTOR = YES;
				GCC_WARN_UNINITIALIZED_AUTOS = YES_AGGRESSIVE;
				GCC_WARN_UNUSED_FUNCTION = YES;
				GCC_WARN_UNUSED_VARIABLE = YES;
				IPHONEOS_DEPLOYMENT_TARGET = 9.3;
				MTL_ENABLE_DEBUG_INFO = NO;
				SDKROOT = iphoneos;
				VALIDATE_PRODUCT = YES;
			};
			name = Release;
		};
		575B9DD01CEE092C00F2DB79 /* Debug */ = {
			isa = XCBuildConfiguration;
			buildSettings = {
				ASSETCATALOG_COMPILER_APPICON_NAME = AppIcon;
				INFOPLIST_FILE = Embedded/Info.plist;
				LD_RUNPATH_SEARCH_PATHS = "$(inherited) @executable_path/Frameworks";
				PRODUCT_BUNDLE_IDENTIFIER = com.andrewcopp.Embedded;
				PRODUCT_NAME = "$(TARGET_NAME)";
			};
			name = Debug;
		};
		575B9DD11CEE092C00F2DB79 /* Release */ = {
			isa = XCBuildConfiguration;
			buildSettings = {
				ASSETCATALOG_COMPILER_APPICON_NAME = AppIcon;
				INFOPLIST_FILE = Embedded/Info.plist;
				LD_RUNPATH_SEARCH_PATHS = "$(inherited) @executable_path/Frameworks";
				PRODUCT_BUNDLE_IDENTIFIER = com.andrewcopp.Embedded;
				PRODUCT_NAME = "$(TARGET_NAME)";
			};
			name = Release;
		};
/* End XCBuildConfiguration section */

/* Begin XCConfigurationList section */
		575B9DB81CEE092B00F2DB79 /* Build configuration list for PBXProject "Embedded" */ = {
			isa = XCConfigurationList;
			buildConfigurations = (
				575B9DCD1CEE092C00F2DB79 /* Debug */,
				575B9DCE1CEE092C00F2DB79 /* Release */,
			);
			defaultConfigurationIsVisible = 0;
			defaultConfigurationName = Release;
		};
		575B9DCF1CEE092C00F2DB79 /* Build configuration list for PBXNativeTarget "Embedded" */ = {
			isa = XCConfigurationList;
			buildConfigurations = (
				575B9DD01CEE092C00F2DB79 /* Debug */,
				575B9DD11CEE092C00F2DB79 /* Release */,
			);
			defaultConfigurationIsVisible = 0;
		};
/* End XCConfigurationList section */
	};
	rootObject = 575B9DB51CEE092B00F2DB79 /* Project object */;
}
